// !$*UTF8*$!
{
	archiveVersion = 1;
	classes = {
	};
	objectVersion = 46;
	objects = {

/* Begin PBXBuildFile section */
		4BA33074181B265E009D124F /* LoginViewController.m in Sources */ = {isa = PBXBuildFile; fileRef = 4BA33072181B265E009D124F /* LoginViewController.m */; };
		4BA33075181B265E009D124F /* LoginViewController.xib in Resources */ = {isa = PBXBuildFile; fileRef = 4BA33073181B265E009D124F /* LoginViewController.xib */; };
		4BA3307B181C2FEA009D124F /* FBGraphConnection.m in Sources */ = {isa = PBXBuildFile; fileRef = 4BA3307A181C2FEA009D124F /* FBGraphConnection.m */; };
		4BA3307E181C3025009D124F /* FBGraphStore.m in Sources */ = {isa = PBXBuildFile; fileRef = 4BA3307D181C3025009D124F /* FBGraphStore.m */; };
		4BAB9D28182980D600D2C853 /* BEAR_cropped@2x.png in Resources */ = {isa = PBXBuildFile; fileRef = 4BAB9D25182980D600D2C853 /* BEAR_cropped@2x.png */; };
		4BAB9D29182980D600D2C853 /* FOX_cropped@2x.png in Resources */ = {isa = PBXBuildFile; fileRef = 4BAB9D26182980D600D2C853 /* FOX_cropped@2x.png */; };
		4BAB9D2A182980D600D2C853 /* ELEPHANT_cropped@2x.png in Resources */ = {isa = PBXBuildFile; fileRef = 4BAB9D27182980D600D2C853 /* ELEPHANT_cropped@2x.png */; };
		4BAB9D2C182989A400D2C853 /* choose_your_pet@2x.png in Resources */ = {isa = PBXBuildFile; fileRef = 4BAB9D2B182989A300D2C853 /* choose_your_pet@2x.png */; };
		4BAB9D2E182989AD00D2C853 /* choose_your_pet_light@2x.png in Resources */ = {isa = PBXBuildFile; fileRef = 4BAB9D2D182989AD00D2C853 /* choose_your_pet_light@2x.png */; };
		4BAB9D3118298AAA00D2C853 /* AppSettings.m in Sources */ = {isa = PBXBuildFile; fileRef = 4BAB9D3018298AAA00D2C853 /* AppSettings.m */; };
		4BAB9D3418298B9700D2C853 /* ResourceHelper.m in Sources */ = {isa = PBXBuildFile; fileRef = 4BAB9D3318298B9700D2C853 /* ResourceHelper.m */; };
		4BAB9D3618298ED100D2C853 /* choose_your_pet_gradient@2x.png in Resources */ = {isa = PBXBuildFile; fileRef = 4BAB9D3518298ED100D2C853 /* choose_your_pet_gradient@2x.png */; };
		4BAB9D391829910500D2C853 /* PetSelectorViewController.m in Sources */ = {isa = PBXBuildFile; fileRef = 4BAB9D381829910500D2C853 /* PetSelectorViewController.m */; };
		4BAB9D3B182991AD00D2C853 /* PetSelectorViewController.xib in Resources */ = {isa = PBXBuildFile; fileRef = 4BAB9D3A182991AD00D2C853 /* PetSelectorViewController.xib */; };
		4BAB9D3E1829B87B00D2C853 /* SettingsViewController.m in Sources */ = {isa = PBXBuildFile; fileRef = 4BAB9D3D1829B87B00D2C853 /* SettingsViewController.m */; };
		4BAB9D401829BCAA00D2C853 /* pebble_watch.png in Resources */ = {isa = PBXBuildFile; fileRef = 4BAB9D3F1829BCAA00D2C853 /* pebble_watch.png */; };
		4BAB9D421829BD7500D2C853 /* profile-picture.png in Resources */ = {isa = PBXBuildFile; fileRef = 4BAB9D411829BD7500D2C853 /* profile-picture.png */; };
		4BAB9D451829E18A00D2C853 /* SettingsTableViewCell.m in Sources */ = {isa = PBXBuildFile; fileRef = 4BAB9D441829E18900D2C853 /* SettingsTableViewCell.m */; };
		4BAB9D471829E1D300D2C853 /* SettingsTableViewCell.xib in Resources */ = {isa = PBXBuildFile; fileRef = 4BAB9D461829E1D300D2C853 /* SettingsTableViewCell.xib */; };
		4BAB9D491829F5C700D2C853 /* pet_frames.json in Resources */ = {isa = PBXBuildFile; fileRef = 4BAB9D481829F5C700D2C853 /* pet_frames.json */; };
		4BAB9D4C1829F80F00D2C853 /* EmojiFrameView.m in Sources */ = {isa = PBXBuildFile; fileRef = 4BAB9D4B1829F80F00D2C853 /* EmojiFrameView.m */; };
		4BAB9D4E182A1B2800D2C853 /* pet_faces.json in Resources */ = {isa = PBXBuildFile; fileRef = 4BAB9D4D182A1B2800D2C853 /* pet_faces.json */; };
		4BAB9D6A182A36DA00D2C853 /* SET0_BORED_0.png in Resources */ = {isa = PBXBuildFile; fileRef = 4BAB9D4F182A36DA00D2C853 /* SET0_BORED_0.png */; };
		4BAB9D6B182A36DA00D2C853 /* SET0_BORED_1.png in Resources */ = {isa = PBXBuildFile; fileRef = 4BAB9D50182A36DA00D2C853 /* SET0_BORED_1.png */; };
		4BAB9D6C182A36DA00D2C853 /* SET0_HAPPY_0.png in Resources */ = {isa = PBXBuildFile; fileRef = 4BAB9D51182A36DA00D2C853 /* SET0_HAPPY_0.png */; };
		4BAB9D6D182A36DA00D2C853 /* SET0_HAPPY_1.png in Resources */ = {isa = PBXBuildFile; fileRef = 4BAB9D52182A36DA00D2C853 /* SET0_HAPPY_1.png */; };
		4BAB9D6E182A36DA00D2C853 /* SET0_HUNGRY_0.png in Resources */ = {isa = PBXBuildFile; fileRef = 4BAB9D53182A36DA00D2C853 /* SET0_HUNGRY_0.png */; };
		4BAB9D6F182A36DA00D2C853 /* SET0_INTRIGUED_0.png in Resources */ = {isa = PBXBuildFile; fileRef = 4BAB9D54182A36DA00D2C853 /* SET0_INTRIGUED_0.png */; };
		4BAB9D70182A36DA00D2C853 /* SET0_INTRIGUED_1.png in Resources */ = {isa = PBXBuildFile; fileRef = 4BAB9D55182A36DA00D2C853 /* SET0_INTRIGUED_1.png */; };
		4BAB9D71182A36DA00D2C853 /* SET0_WILDCARD_2.png in Resources */ = {isa = PBXBuildFile; fileRef = 4BAB9D56182A36DA00D2C853 /* SET0_WILDCARD_2.png */; };
		4BAB9D72182A36DA00D2C853 /* SET0_WILDCARD_3.png in Resources */ = {isa = PBXBuildFile; fileRef = 4BAB9D57182A36DA00D2C853 /* SET0_WILDCARD_3.png */; };
		4BAB9D73182A36DA00D2C853 /* SET0_WORRIED_0.png in Resources */ = {isa = PBXBuildFile; fileRef = 4BAB9D58182A36DA00D2C853 /* SET0_WORRIED_0.png */; };
		4BAB9D74182A36DA00D2C853 /* SET0_WORRIED_1.png in Resources */ = {isa = PBXBuildFile; fileRef = 4BAB9D59182A36DA00D2C853 /* SET0_WORRIED_1.png */; };
		4BAB9D75182A36DA00D2C853 /* SET1_BORED_0.png in Resources */ = {isa = PBXBuildFile; fileRef = 4BAB9D5A182A36DA00D2C853 /* SET1_BORED_0.png */; };
		4BAB9D76182A36DA00D2C853 /* SET1_BORED_1.png in Resources */ = {isa = PBXBuildFile; fileRef = 4BAB9D5B182A36DA00D2C853 /* SET1_BORED_1.png */; };
		4BAB9D77182A36DA00D2C853 /* SET1_BORED_2.png in Resources */ = {isa = PBXBuildFile; fileRef = 4BAB9D5C182A36DA00D2C853 /* SET1_BORED_2.png */; };
		4BAB9D78182A36DA00D2C853 /* SET1_BORED_3.png in Resources */ = {isa = PBXBuildFile; fileRef = 4BAB9D5D182A36DA00D2C853 /* SET1_BORED_3.png */; };
		4BAB9D79182A36DA00D2C853 /* SET1_HAPPY_0.png in Resources */ = {isa = PBXBuildFile; fileRef = 4BAB9D5E182A36DA00D2C853 /* SET1_HAPPY_0.png */; };
		4BAB9D7A182A36DA00D2C853 /* SET1_HAPPY_1.png in Resources */ = {isa = PBXBuildFile; fileRef = 4BAB9D5F182A36DA00D2C853 /* SET1_HAPPY_1.png */; };
		4BAB9D7B182A36DA00D2C853 /* SET1_HAPPY_3.png in Resources */ = {isa = PBXBuildFile; fileRef = 4BAB9D60182A36DA00D2C853 /* SET1_HAPPY_3.png */; };
		4BAB9D7C182A36DA00D2C853 /* SET1_HUNGRY_0.png in Resources */ = {isa = PBXBuildFile; fileRef = 4BAB9D61182A36DA00D2C853 /* SET1_HUNGRY_0.png */; };
		4BAB9D7D182A36DA00D2C853 /* SET1_INTRIGUED_0.png in Resources */ = {isa = PBXBuildFile; fileRef = 4BAB9D62182A36DA00D2C853 /* SET1_INTRIGUED_0.png */; };
		4BAB9D7E182A36DA00D2C853 /* SET1_INTRIGUED_1.png in Resources */ = {isa = PBXBuildFile; fileRef = 4BAB9D63182A36DA00D2C853 /* SET1_INTRIGUED_1.png */; };
		4BAB9D7F182A36DA00D2C853 /* SET1_INTRIGUED_2.png in Resources */ = {isa = PBXBuildFile; fileRef = 4BAB9D64182A36DA00D2C853 /* SET1_INTRIGUED_2.png */; };
		4BAB9D80182A36DA00D2C853 /* SET1_INTRIGUED_3.png in Resources */ = {isa = PBXBuildFile; fileRef = 4BAB9D65182A36DA00D2C853 /* SET1_INTRIGUED_3.png */; };
		4BAB9D81182A36DA00D2C853 /* SET1_WORRIED_0.png in Resources */ = {isa = PBXBuildFile; fileRef = 4BAB9D66182A36DA00D2C853 /* SET1_WORRIED_0.png */; };
		4BAB9D82182A36DA00D2C853 /* SET1_WORRIED_1.png in Resources */ = {isa = PBXBuildFile; fileRef = 4BAB9D67182A36DA00D2C853 /* SET1_WORRIED_1.png */; };
		4BAB9D83182A36DA00D2C853 /* SET1_WORRIED_2.png in Resources */ = {isa = PBXBuildFile; fileRef = 4BAB9D68182A36DA00D2C853 /* SET1_WORRIED_2.png */; };
		4BAB9D84182A36DA00D2C853 /* SET1_WORRIED_3.png in Resources */ = {isa = PBXBuildFile; fileRef = 4BAB9D69182A36DA00D2C853 /* SET1_WORRIED_3.png */; };
		4BB7319317BAA00C009294E0 /* UIKit.framework in Frameworks */ = {isa = PBXBuildFile; fileRef = 4BB7319217BAA00C009294E0 /* UIKit.framework */; };
		4BB7319517BAA00C009294E0 /* Foundation.framework in Frameworks */ = {isa = PBXBuildFile; fileRef = 4BB7319417BAA00C009294E0 /* Foundation.framework */; };
		4BB7319717BAA00C009294E0 /* CoreGraphics.framework in Frameworks */ = {isa = PBXBuildFile; fileRef = 4BB7319617BAA00C009294E0 /* CoreGraphics.framework */; };
		4BB7319D17BAA00C009294E0 /* InfoPlist.strings in Resources */ = {isa = PBXBuildFile; fileRef = 4BB7319B17BAA00C009294E0 /* InfoPlist.strings */; };
		4BB7319F17BAA00C009294E0 /* main.m in Sources */ = {isa = PBXBuildFile; fileRef = 4BB7319E17BAA00C009294E0 /* main.m */; };
		4BB731A317BAA00C009294E0 /* AppDelegate.m in Sources */ = {isa = PBXBuildFile; fileRef = 4BB731A217BAA00C009294E0 /* AppDelegate.m */; };
		4BB731A517BAA00C009294E0 /* Default.png in Resources */ = {isa = PBXBuildFile; fileRef = 4BB731A417BAA00C009294E0 /* Default.png */; };
		4BB731A717BAA00C009294E0 /* Default@2x.png in Resources */ = {isa = PBXBuildFile; fileRef = 4BB731A617BAA00C009294E0 /* Default@2x.png */; };
		4BB731A917BAA00C009294E0 /* Default-568h@2x.png in Resources */ = {isa = PBXBuildFile; fileRef = 4BB731A817BAA00C009294E0 /* Default-568h@2x.png */; };
		4BB731C417BAA3B5009294E0 /* MainViewController.m in Sources */ = {isa = PBXBuildFile; fileRef = 4BB731C217BAA3B5009294E0 /* MainViewController.m */; };
		4BB731C517BAA3B5009294E0 /* MainViewController_iPad.xib in Resources */ = {isa = PBXBuildFile; fileRef = 4BB731C317BAA3B5009294E0 /* MainViewController_iPad.xib */; };
		4BB731C717BAA436009294E0 /* MainViewController_iPhone.xib in Resources */ = {isa = PBXBuildFile; fileRef = 4BB731C617BAA436009294E0 /* MainViewController_iPhone.xib */; };
		4BB731CA17BAA8AF009294E0 /* html in Resources */ = {isa = PBXBuildFile; fileRef = 4BB731C917BAA8AF009294E0 /* html */; };
		4BFF377B1824068A00D00ADA /* NetworkUtils.m in Sources */ = {isa = PBXBuildFile; fileRef = 4BFF377A1824068A00D00ADA /* NetworkUtils.m */; };
		4BFF377E182611A900D00ADA /* FBPost.m in Sources */ = {isa = PBXBuildFile; fileRef = 4BFF377D182611A900D00ADA /* FBPost.m */; };
		4BFF378118261C8900D00ADA /* FBDiff.m in Sources */ = {isa = PBXBuildFile; fileRef = 4BFF378018261C8900D00ADA /* FBDiff.m */; };
		4BFF3784182638B900D00ADA /* PebbleKit.framework in Frameworks */ = {isa = PBXBuildFile; fileRef = 4BFF3783182638B900D00ADA /* PebbleKit.framework */; };
		4BFF37881826390500D00ADA /* ExternalAccessory.framework in Frameworks */ = {isa = PBXBuildFile; fileRef = 4BFF37871826390500D00ADA /* ExternalAccessory.framework */; };
		4BFF378A1826391B00D00ADA /* libz.dylib in Frameworks */ = {isa = PBXBuildFile; fileRef = 4BFF37891826391B00D00ADA /* libz.dylib */; };
		4BFF378C1826392200D00ADA /* CoreBluetooth.framework in Frameworks */ = {isa = PBXBuildFile; fileRef = 4BFF378B1826392200D00ADA /* CoreBluetooth.framework */; };
		4BFF378E1826393500D00ADA /* CoreMotion.framework in Frameworks */ = {isa = PBXBuildFile; fileRef = 4BFF378D1826393500D00ADA /* CoreMotion.framework */; };
		4BFF37901826393D00D00ADA /* MessageUI.framework in Frameworks */ = {isa = PBXBuildFile; fileRef = 4BFF378F1826393D00D00ADA /* MessageUI.framework */; };
		4BFF379218263A9000D00ADA /* PebbleVendor.framework in Frameworks */ = {isa = PBXBuildFile; fileRef = 4BFF379118263A9000D00ADA /* PebbleVendor.framework */; };
		F78A3FAA4C5E4F0780D81697 /* libPods.a in Frameworks */ = {isa = PBXBuildFile; fileRef = 541841D4BBC143558A0040C8 /* libPods.a */; };
/* End PBXBuildFile section */

/* Begin PBXFileReference section */
		4BA33071181B265E009D124F /* LoginViewController.h */ = {isa = PBXFileReference; fileEncoding = 4; lastKnownFileType = sourcecode.c.h; path = LoginViewController.h; sourceTree = "<group>"; };
		4BA33072181B265E009D124F /* LoginViewController.m */ = {isa = PBXFileReference; fileEncoding = 4; lastKnownFileType = sourcecode.c.objc; path = LoginViewController.m; sourceTree = "<group>"; };
		4BA33073181B265E009D124F /* LoginViewController.xib */ = {isa = PBXFileReference; fileEncoding = 4; lastKnownFileType = file.xib; path = LoginViewController.xib; sourceTree = "<group>"; };
		4BA33079181C2FEA009D124F /* FBGraphConnection.h */ = {isa = PBXFileReference; fileEncoding = 4; lastKnownFileType = sourcecode.c.h; path = FBGraphConnection.h; sourceTree = "<group>"; };
		4BA3307A181C2FEA009D124F /* FBGraphConnection.m */ = {isa = PBXFileReference; fileEncoding = 4; lastKnownFileType = sourcecode.c.objc; path = FBGraphConnection.m; sourceTree = "<group>"; };
		4BA3307C181C3025009D124F /* FBGraphStore.h */ = {isa = PBXFileReference; fileEncoding = 4; lastKnownFileType = sourcecode.c.h; path = FBGraphStore.h; sourceTree = "<group>"; };
		4BA3307D181C3025009D124F /* FBGraphStore.m */ = {isa = PBXFileReference; fileEncoding = 4; lastKnownFileType = sourcecode.c.objc; path = FBGraphStore.m; sourceTree = "<group>"; };
		4BAB9D25182980D600D2C853 /* BEAR_cropped@2x.png */ = {isa = PBXFileReference; lastKnownFileType = image.png; path = "BEAR_cropped@2x.png"; sourceTree = "<group>"; };
		4BAB9D26182980D600D2C853 /* FOX_cropped@2x.png */ = {isa = PBXFileReference; lastKnownFileType = image.png; path = "FOX_cropped@2x.png"; sourceTree = "<group>"; };
		4BAB9D27182980D600D2C853 /* ELEPHANT_cropped@2x.png */ = {isa = PBXFileReference; lastKnownFileType = image.png; path = "ELEPHANT_cropped@2x.png"; sourceTree = "<group>"; };
		4BAB9D2B182989A300D2C853 /* choose_your_pet@2x.png */ = {isa = PBXFileReference; lastKnownFileType = image.png; path = "choose_your_pet@2x.png"; sourceTree = "<group>"; };
		4BAB9D2D182989AD00D2C853 /* choose_your_pet_light@2x.png */ = {isa = PBXFileReference; lastKnownFileType = image.png; path = "choose_your_pet_light@2x.png"; sourceTree = "<group>"; };
		4BAB9D2F18298AAA00D2C853 /* AppSettings.h */ = {isa = PBXFileReference; fileEncoding = 4; lastKnownFileType = sourcecode.c.h; path = AppSettings.h; sourceTree = "<group>"; };
		4BAB9D3018298AAA00D2C853 /* AppSettings.m */ = {isa = PBXFileReference; fileEncoding = 4; lastKnownFileType = sourcecode.c.objc; path = AppSettings.m; sourceTree = "<group>"; };
		4BAB9D3218298B9700D2C853 /* ResourceHelper.h */ = {isa = PBXFileReference; fileEncoding = 4; lastKnownFileType = sourcecode.c.h; path = ResourceHelper.h; sourceTree = "<group>"; };
		4BAB9D3318298B9700D2C853 /* ResourceHelper.m */ = {isa = PBXFileReference; fileEncoding = 4; lastKnownFileType = sourcecode.c.objc; path = ResourceHelper.m; sourceTree = "<group>"; };
		4BAB9D3518298ED100D2C853 /* choose_your_pet_gradient@2x.png */ = {isa = PBXFileReference; lastKnownFileType = image.png; path = "choose_your_pet_gradient@2x.png"; sourceTree = "<group>"; };
		4BAB9D371829910500D2C853 /* PetSelectorViewController.h */ = {isa = PBXFileReference; fileEncoding = 4; lastKnownFileType = sourcecode.c.h; path = PetSelectorViewController.h; sourceTree = "<group>"; };
		4BAB9D381829910500D2C853 /* PetSelectorViewController.m */ = {isa = PBXFileReference; fileEncoding = 4; lastKnownFileType = sourcecode.c.objc; path = PetSelectorViewController.m; sourceTree = "<group>"; };
		4BAB9D3A182991AD00D2C853 /* PetSelectorViewController.xib */ = {isa = PBXFileReference; fileEncoding = 4; lastKnownFileType = file.xib; path = PetSelectorViewController.xib; sourceTree = "<group>"; };
		4BAB9D3C1829B87B00D2C853 /* SettingsViewController.h */ = {isa = PBXFileReference; fileEncoding = 4; lastKnownFileType = sourcecode.c.h; path = SettingsViewController.h; sourceTree = "<group>"; };
		4BAB9D3D1829B87B00D2C853 /* SettingsViewController.m */ = {isa = PBXFileReference; fileEncoding = 4; lastKnownFileType = sourcecode.c.objc; path = SettingsViewController.m; sourceTree = "<group>"; };
		4BAB9D3F1829BCAA00D2C853 /* pebble_watch.png */ = {isa = PBXFileReference; lastKnownFileType = image.png; path = pebble_watch.png; sourceTree = "<group>"; };
		4BAB9D411829BD7500D2C853 /* profile-picture.png */ = {isa = PBXFileReference; lastKnownFileType = image.png; path = "profile-picture.png"; sourceTree = "<group>"; };
		4BAB9D431829E18900D2C853 /* SettingsTableViewCell.h */ = {isa = PBXFileReference; fileEncoding = 4; lastKnownFileType = sourcecode.c.h; path = SettingsTableViewCell.h; sourceTree = "<group>"; };
		4BAB9D441829E18900D2C853 /* SettingsTableViewCell.m */ = {isa = PBXFileReference; fileEncoding = 4; lastKnownFileType = sourcecode.c.objc; path = SettingsTableViewCell.m; sourceTree = "<group>"; };
		4BAB9D461829E1D300D2C853 /* SettingsTableViewCell.xib */ = {isa = PBXFileReference; fileEncoding = 4; lastKnownFileType = file.xib; path = SettingsTableViewCell.xib; sourceTree = "<group>"; };
		4BAB9D481829F5C700D2C853 /* pet_frames.json */ = {isa = PBXFileReference; fileEncoding = 4; lastKnownFileType = text.json; path = pet_frames.json; sourceTree = "<group>"; };
		4BAB9D4A1829F80F00D2C853 /* EmojiFrameView.h */ = {isa = PBXFileReference; fileEncoding = 4; lastKnownFileType = sourcecode.c.h; path = EmojiFrameView.h; sourceTree = "<group>"; };
		4BAB9D4B1829F80F00D2C853 /* EmojiFrameView.m */ = {isa = PBXFileReference; fileEncoding = 4; lastKnownFileType = sourcecode.c.objc; path = EmojiFrameView.m; sourceTree = "<group>"; };
		4BAB9D4D182A1B2800D2C853 /* pet_faces.json */ = {isa = PBXFileReference; fileEncoding = 4; lastKnownFileType = text.json; path = pet_faces.json; sourceTree = "<group>"; };
		4BAB9D4F182A36DA00D2C853 /* SET0_BORED_0.png */ = {isa = PBXFileReference; lastKnownFileType = image.png; path = SET0_BORED_0.png; sourceTree = "<group>"; };
		4BAB9D50182A36DA00D2C853 /* SET0_BORED_1.png */ = {isa = PBXFileReference; lastKnownFileType = image.png; path = SET0_BORED_1.png; sourceTree = "<group>"; };
		4BAB9D51182A36DA00D2C853 /* SET0_HAPPY_0.png */ = {isa = PBXFileReference; lastKnownFileType = image.png; path = SET0_HAPPY_0.png; sourceTree = "<group>"; };
		4BAB9D52182A36DA00D2C853 /* SET0_HAPPY_1.png */ = {isa = PBXFileReference; lastKnownFileType = image.png; path = SET0_HAPPY_1.png; sourceTree = "<group>"; };
		4BAB9D53182A36DA00D2C853 /* SET0_HUNGRY_0.png */ = {isa = PBXFileReference; lastKnownFileType = image.png; path = SET0_HUNGRY_0.png; sourceTree = "<group>"; };
		4BAB9D54182A36DA00D2C853 /* SET0_INTRIGUED_0.png */ = {isa = PBXFileReference; lastKnownFileType = image.png; path = SET0_INTRIGUED_0.png; sourceTree = "<group>"; };
		4BAB9D55182A36DA00D2C853 /* SET0_INTRIGUED_1.png */ = {isa = PBXFileReference; lastKnownFileType = image.png; path = SET0_INTRIGUED_1.png; sourceTree = "<group>"; };
		4BAB9D56182A36DA00D2C853 /* SET0_WILDCARD_2.png */ = {isa = PBXFileReference; lastKnownFileType = image.png; path = SET0_WILDCARD_2.png; sourceTree = "<group>"; };
		4BAB9D57182A36DA00D2C853 /* SET0_WILDCARD_3.png */ = {isa = PBXFileReference; lastKnownFileType = image.png; path = SET0_WILDCARD_3.png; sourceTree = "<group>"; };
		4BAB9D58182A36DA00D2C853 /* SET0_WORRIED_0.png */ = {isa = PBXFileReference; lastKnownFileType = image.png; path = SET0_WORRIED_0.png; sourceTree = "<group>"; };
		4BAB9D59182A36DA00D2C853 /* SET0_WORRIED_1.png */ = {isa = PBXFileReference; lastKnownFileType = image.png; path = SET0_WORRIED_1.png; sourceTree = "<group>"; };
		4BAB9D5A182A36DA00D2C853 /* SET1_BORED_0.png */ = {isa = PBXFileReference; lastKnownFileType = image.png; path = SET1_BORED_0.png; sourceTree = "<group>"; };
		4BAB9D5B182A36DA00D2C853 /* SET1_BORED_1.png */ = {isa = PBXFileReference; lastKnownFileType = image.png; path = SET1_BORED_1.png; sourceTree = "<group>"; };
		4BAB9D5C182A36DA00D2C853 /* SET1_BORED_2.png */ = {isa = PBXFileReference; lastKnownFileType = image.png; path = SET1_BORED_2.png; sourceTree = "<group>"; };
		4BAB9D5D182A36DA00D2C853 /* SET1_BORED_3.png */ = {isa = PBXFileReference; lastKnownFileType = image.png; path = SET1_BORED_3.png; sourceTree = "<group>"; };
		4BAB9D5E182A36DA00D2C853 /* SET1_HAPPY_0.png */ = {isa = PBXFileReference; lastKnownFileType = image.png; path = SET1_HAPPY_0.png; sourceTree = "<group>"; };
		4BAB9D5F182A36DA00D2C853 /* SET1_HAPPY_1.png */ = {isa = PBXFileReference; lastKnownFileType = image.png; path = SET1_HAPPY_1.png; sourceTree = "<group>"; };
		4BAB9D60182A36DA00D2C853 /* SET1_HAPPY_3.png */ = {isa = PBXFileReference; lastKnownFileType = image.png; path = SET1_HAPPY_3.png; sourceTree = "<group>"; };
		4BAB9D61182A36DA00D2C853 /* SET1_HUNGRY_0.png */ = {isa = PBXFileReference; lastKnownFileType = image.png; path = SET1_HUNGRY_0.png; sourceTree = "<group>"; };
		4BAB9D62182A36DA00D2C853 /* SET1_INTRIGUED_0.png */ = {isa = PBXFileReference; lastKnownFileType = image.png; path = SET1_INTRIGUED_0.png; sourceTree = "<group>"; };
		4BAB9D63182A36DA00D2C853 /* SET1_INTRIGUED_1.png */ = {isa = PBXFileReference; lastKnownFileType = image.png; path = SET1_INTRIGUED_1.png; sourceTree = "<group>"; };
		4BAB9D64182A36DA00D2C853 /* SET1_INTRIGUED_2.png */ = {isa = PBXFileReference; lastKnownFileType = image.png; path = SET1_INTRIGUED_2.png; sourceTree = "<group>"; };
		4BAB9D65182A36DA00D2C853 /* SET1_INTRIGUED_3.png */ = {isa = PBXFileReference; lastKnownFileType = image.png; path = SET1_INTRIGUED_3.png; sourceTree = "<group>"; };
		4BAB9D66182A36DA00D2C853 /* SET1_WORRIED_0.png */ = {isa = PBXFileReference; lastKnownFileType = image.png; path = SET1_WORRIED_0.png; sourceTree = "<group>"; };
		4BAB9D67182A36DA00D2C853 /* SET1_WORRIED_1.png */ = {isa = PBXFileReference; lastKnownFileType = image.png; path = SET1_WORRIED_1.png; sourceTree = "<group>"; };
		4BAB9D68182A36DA00D2C853 /* SET1_WORRIED_2.png */ = {isa = PBXFileReference; lastKnownFileType = image.png; path = SET1_WORRIED_2.png; sourceTree = "<group>"; };
		4BAB9D69182A36DA00D2C853 /* SET1_WORRIED_3.png */ = {isa = PBXFileReference; lastKnownFileType = image.png; path = SET1_WORRIED_3.png; sourceTree = "<group>"; };
		4BB7318F17BAA00C009294E0 /* FacePet.app */ = {isa = PBXFileReference; explicitFileType = wrapper.application; includeInIndex = 0; path = FacePet.app; sourceTree = BUILT_PRODUCTS_DIR; };
		4BB7319217BAA00C009294E0 /* UIKit.framework */ = {isa = PBXFileReference; lastKnownFileType = wrapper.framework; name = UIKit.framework; path = System/Library/Frameworks/UIKit.framework; sourceTree = SDKROOT; };
		4BB7319417BAA00C009294E0 /* Foundation.framework */ = {isa = PBXFileReference; lastKnownFileType = wrapper.framework; name = Foundation.framework; path = System/Library/Frameworks/Foundation.framework; sourceTree = SDKROOT; };
		4BB7319617BAA00C009294E0 /* CoreGraphics.framework */ = {isa = PBXFileReference; lastKnownFileType = wrapper.framework; name = CoreGraphics.framework; path = System/Library/Frameworks/CoreGraphics.framework; sourceTree = SDKROOT; };
		4BB7319A17BAA00C009294E0 /* FacePet-Info.plist */ = {isa = PBXFileReference; lastKnownFileType = text.plist.xml; path = "FacePet-Info.plist"; sourceTree = "<group>"; };
		4BB7319C17BAA00C009294E0 /* en */ = {isa = PBXFileReference; lastKnownFileType = text.plist.strings; name = en; path = en.lproj/InfoPlist.strings; sourceTree = "<group>"; };
		4BB7319E17BAA00C009294E0 /* main.m */ = {isa = PBXFileReference; lastKnownFileType = sourcecode.c.objc; path = main.m; sourceTree = "<group>"; };
		4BB731A017BAA00C009294E0 /* FacePet-Prefix.pch */ = {isa = PBXFileReference; lastKnownFileType = sourcecode.c.h; path = "FacePet-Prefix.pch"; sourceTree = "<group>"; };
		4BB731A117BAA00C009294E0 /* AppDelegate.h */ = {isa = PBXFileReference; lastKnownFileType = sourcecode.c.h; path = AppDelegate.h; sourceTree = "<group>"; };
		4BB731A217BAA00C009294E0 /* AppDelegate.m */ = {isa = PBXFileReference; lastKnownFileType = sourcecode.c.objc; path = AppDelegate.m; sourceTree = "<group>"; };
		4BB731A417BAA00C009294E0 /* Default.png */ = {isa = PBXFileReference; lastKnownFileType = image.png; path = Default.png; sourceTree = "<group>"; };
		4BB731A617BAA00C009294E0 /* Default@2x.png */ = {isa = PBXFileReference; lastKnownFileType = image.png; path = "Default@2x.png"; sourceTree = "<group>"; };
		4BB731A817BAA00C009294E0 /* Default-568h@2x.png */ = {isa = PBXFileReference; lastKnownFileType = image.png; path = "Default-568h@2x.png"; sourceTree = "<group>"; };
		4BB731C117BAA3B5009294E0 /* MainViewController.h */ = {isa = PBXFileReference; fileEncoding = 4; lastKnownFileType = sourcecode.c.h; path = MainViewController.h; sourceTree = "<group>"; };
		4BB731C217BAA3B5009294E0 /* MainViewController.m */ = {isa = PBXFileReference; fileEncoding = 4; lastKnownFileType = sourcecode.c.objc; path = MainViewController.m; sourceTree = "<group>"; };
		4BB731C317BAA3B5009294E0 /* MainViewController_iPad.xib */ = {isa = PBXFileReference; fileEncoding = 4; lastKnownFileType = file.xib; path = MainViewController_iPad.xib; sourceTree = "<group>"; };
		4BB731C617BAA436009294E0 /* MainViewController_iPhone.xib */ = {isa = PBXFileReference; fileEncoding = 4; lastKnownFileType = file.xib; path = MainViewController_iPhone.xib; sourceTree = "<group>"; };
		4BB731C917BAA8AF009294E0 /* html */ = {isa = PBXFileReference; lastKnownFileType = folder; path = html; sourceTree = "<group>"; };
		4BFF37791824068A00D00ADA /* NetworkUtils.h */ = {isa = PBXFileReference; fileEncoding = 4; lastKnownFileType = sourcecode.c.h; path = NetworkUtils.h; sourceTree = "<group>"; };
		4BFF377A1824068A00D00ADA /* NetworkUtils.m */ = {isa = PBXFileReference; fileEncoding = 4; lastKnownFileType = sourcecode.c.objc; path = NetworkUtils.m; sourceTree = "<group>"; };
		4BFF377C182611A900D00ADA /* FBPost.h */ = {isa = PBXFileReference; fileEncoding = 4; lastKnownFileType = sourcecode.c.h; path = FBPost.h; sourceTree = "<group>"; };
		4BFF377D182611A900D00ADA /* FBPost.m */ = {isa = PBXFileReference; fileEncoding = 4; lastKnownFileType = sourcecode.c.objc; path = FBPost.m; sourceTree = "<group>"; };
		4BFF377F18261C8900D00ADA /* FBDiff.h */ = {isa = PBXFileReference; fileEncoding = 4; lastKnownFileType = sourcecode.c.h; path = FBDiff.h; sourceTree = "<group>"; };
		4BFF378018261C8900D00ADA /* FBDiff.m */ = {isa = PBXFileReference; fileEncoding = 4; lastKnownFileType = sourcecode.c.objc; path = FBDiff.m; sourceTree = "<group>"; };
		4BFF378218261D6B00D00ADA /* FacePetConstants.h */ = {isa = PBXFileReference; lastKnownFileType = sourcecode.c.h; path = FacePetConstants.h; sourceTree = "<group>"; };
		4BFF3783182638B900D00ADA /* PebbleKit.framework */ = {isa = PBXFileReference; lastKnownFileType = wrapper.framework; path = PebbleKit.framework; sourceTree = "<group>"; };
		4BFF37871826390500D00ADA /* ExternalAccessory.framework */ = {isa = PBXFileReference; lastKnownFileType = wrapper.framework; name = ExternalAccessory.framework; path = System/Library/Frameworks/ExternalAccessory.framework; sourceTree = SDKROOT; };
		4BFF37891826391B00D00ADA /* libz.dylib */ = {isa = PBXFileReference; lastKnownFileType = "compiled.mach-o.dylib"; name = libz.dylib; path = usr/lib/libz.dylib; sourceTree = SDKROOT; };
		4BFF378B1826392200D00ADA /* CoreBluetooth.framework */ = {isa = PBXFileReference; lastKnownFileType = wrapper.framework; name = CoreBluetooth.framework; path = System/Library/Frameworks/CoreBluetooth.framework; sourceTree = SDKROOT; };
		4BFF378D1826393500D00ADA /* CoreMotion.framework */ = {isa = PBXFileReference; lastKnownFileType = wrapper.framework; name = CoreMotion.framework; path = System/Library/Frameworks/CoreMotion.framework; sourceTree = SDKROOT; };
		4BFF378F1826393D00D00ADA /* MessageUI.framework */ = {isa = PBXFileReference; lastKnownFileType = wrapper.framework; name = MessageUI.framework; path = System/Library/Frameworks/MessageUI.framework; sourceTree = SDKROOT; };
		4BFF379118263A9000D00ADA /* PebbleVendor.framework */ = {isa = PBXFileReference; lastKnownFileType = wrapper.framework; path = PebbleVendor.framework; sourceTree = "<group>"; };
		4BFF383C1827650200D00ADA /* resource_map.json */ = {isa = PBXFileReference; lastKnownFileType = text.json; path = resource_map.json; sourceTree = "<group>"; };
		4BFF383D1827650200D00ADA /* wscript */ = {isa = PBXFileReference; lastKnownFileType = text; path = wscript; sourceTree = "<group>"; };
		4BFF383F1827650200D00ADA /* pebble_app.c */ = {isa = PBXFileReference; lastKnownFileType = sourcecode.c.c; path = pebble_app.c; sourceTree = "<group>"; };
		541841D4BBC143558A0040C8 /* libPods.a */ = {isa = PBXFileReference; explicitFileType = archive.ar; includeInIndex = 0; path = libPods.a; sourceTree = BUILT_PRODUCTS_DIR; };
		813496D5B8AE4587AE0DC804 /* Pods.xcconfig */ = {isa = PBXFileReference; includeInIndex = 1; lastKnownFileType = text.xcconfig; name = Pods.xcconfig; path = Pods/Pods.xcconfig; sourceTree = SOURCE_ROOT; };
/* End PBXFileReference section */

/* Begin PBXFrameworksBuildPhase section */
		4BB7318C17BAA00C009294E0 /* Frameworks */ = {
			isa = PBXFrameworksBuildPhase;
			buildActionMask = 2147483647;
			files = (
				4BFF37901826393D00D00ADA /* MessageUI.framework in Frameworks */,
				4BFF378E1826393500D00ADA /* CoreMotion.framework in Frameworks */,
				4BFF378C1826392200D00ADA /* CoreBluetooth.framework in Frameworks */,
				4BFF378A1826391B00D00ADA /* libz.dylib in Frameworks */,
				4BFF37881826390500D00ADA /* ExternalAccessory.framework in Frameworks */,
				4BB7319317BAA00C009294E0 /* UIKit.framework in Frameworks */,
				4BB7319517BAA00C009294E0 /* Foundation.framework in Frameworks */,
				4BFF379218263A9000D00ADA /* PebbleVendor.framework in Frameworks */,
				4BB7319717BAA00C009294E0 /* CoreGraphics.framework in Frameworks */,
				4BFF3784182638B900D00ADA /* PebbleKit.framework in Frameworks */,
				F78A3FAA4C5E4F0780D81697 /* libPods.a in Frameworks */,
			);
			runOnlyForDeploymentPostprocessing = 0;
		};
/* End PBXFrameworksBuildPhase section */

/* Begin PBXGroup section */
		4BAB9D181829791000D2C853 /* Resources */ = {
			isa = PBXGroup;
			children = (
				4BAB9D411829BD7500D2C853 /* profile-picture.png */,
				4BAB9D3F1829BCAA00D2C853 /* pebble_watch.png */,
				4BAB9D3518298ED100D2C853 /* choose_your_pet_gradient@2x.png */,
				4BAB9D2D182989AD00D2C853 /* choose_your_pet_light@2x.png */,
				4BAB9D2B182989A300D2C853 /* choose_your_pet@2x.png */,
				4BAB9D25182980D600D2C853 /* BEAR_cropped@2x.png */,
				4BAB9D26182980D600D2C853 /* FOX_cropped@2x.png */,
				4BAB9D27182980D600D2C853 /* ELEPHANT_cropped@2x.png */,
				4BAB9D481829F5C700D2C853 /* pet_frames.json */,
				4BAB9D4D182A1B2800D2C853 /* pet_faces.json */,
			);
			path = Resources;
			sourceTree = "<group>";
		};
		4BB7318617BAA00C009294E0 = {
			isa = PBXGroup;
			children = (
				4BB7319817BAA00C009294E0 /* FacePet */,
				4BB7319117BAA00C009294E0 /* Frameworks */,
				4BB7319017BAA00C009294E0 /* Products */,
				813496D5B8AE4587AE0DC804 /* Pods.xcconfig */,
			);
			sourceTree = "<group>";
		};
		4BB7319017BAA00C009294E0 /* Products */ = {
			isa = PBXGroup;
			children = (
				4BB7318F17BAA00C009294E0 /* FacePet.app */,
			);
			name = Products;
			sourceTree = "<group>";
		};
		4BB7319117BAA00C009294E0 /* Frameworks */ = {
			isa = PBXGroup;
			children = (
				4BFF379118263A9000D00ADA /* PebbleVendor.framework */,
				4BFF378F1826393D00D00ADA /* MessageUI.framework */,
				4BFF378D1826393500D00ADA /* CoreMotion.framework */,
				4BFF378B1826392200D00ADA /* CoreBluetooth.framework */,
				4BFF37891826391B00D00ADA /* libz.dylib */,
				4BFF37871826390500D00ADA /* ExternalAccessory.framework */,
				4BFF3783182638B900D00ADA /* PebbleKit.framework */,
				4BB7319217BAA00C009294E0 /* UIKit.framework */,
				4BB7319417BAA00C009294E0 /* Foundation.framework */,
				4BB7319617BAA00C009294E0 /* CoreGraphics.framework */,
				541841D4BBC143558A0040C8 /* libPods.a */,
			);
			name = Frameworks;
			sourceTree = "<group>";
		};
		4BB7319817BAA00C009294E0 /* FacePet */ = {
			isa = PBXGroup;
			children = (
				4BB731C917BAA8AF009294E0 /* html */,
				4BFF37931827650100D00ADA /* pebble_app */,
				4BAB9D181829791000D2C853 /* Resources */,
				4BB7319917BAA00C009294E0 /* Supporting Files */,
				4BB731A117BAA00C009294E0 /* AppDelegate.h */,
				4BB731A217BAA00C009294E0 /* AppDelegate.m */,
				4BB731C117BAA3B5009294E0 /* MainViewController.h */,
				4BB731C217BAA3B5009294E0 /* MainViewController.m */,
				4BB731C317BAA3B5009294E0 /* MainViewController_iPad.xib */,
				4BB731C617BAA436009294E0 /* MainViewController_iPhone.xib */,
				4BA33071181B265E009D124F /* LoginViewController.h */,
				4BA33072181B265E009D124F /* LoginViewController.m */,
				4BA33073181B265E009D124F /* LoginViewController.xib */,
				4BA33079181C2FEA009D124F /* FBGraphConnection.h */,
				4BA3307A181C2FEA009D124F /* FBGraphConnection.m */,
				4BA3307C181C3025009D124F /* FBGraphStore.h */,
				4BA3307D181C3025009D124F /* FBGraphStore.m */,
				4BFF37791824068A00D00ADA /* NetworkUtils.h */,
				4BFF377A1824068A00D00ADA /* NetworkUtils.m */,
				4BFF377C182611A900D00ADA /* FBPost.h */,
				4BFF377D182611A900D00ADA /* FBPost.m */,
				4BFF377F18261C8900D00ADA /* FBDiff.h */,
				4BFF378018261C8900D00ADA /* FBDiff.m */,
				4BFF378218261D6B00D00ADA /* FacePetConstants.h */,
				4BAB9D2F18298AAA00D2C853 /* AppSettings.h */,
				4BAB9D3018298AAA00D2C853 /* AppSettings.m */,
				4BAB9D3218298B9700D2C853 /* ResourceHelper.h */,
				4BAB9D3318298B9700D2C853 /* ResourceHelper.m */,
				4BAB9D371829910500D2C853 /* PetSelectorViewController.h */,
				4BAB9D381829910500D2C853 /* PetSelectorViewController.m */,
				4BAB9D3A182991AD00D2C853 /* PetSelectorViewController.xib */,
				4BAB9D3C1829B87B00D2C853 /* SettingsViewController.h */,
				4BAB9D3D1829B87B00D2C853 /* SettingsViewController.m */,
				4BAB9D431829E18900D2C853 /* SettingsTableViewCell.h */,
				4BAB9D441829E18900D2C853 /* SettingsTableViewCell.m */,
				4BAB9D461829E1D300D2C853 /* SettingsTableViewCell.xib */,
				4BAB9D4A1829F80F00D2C853 /* EmojiFrameView.h */,
				4BAB9D4B1829F80F00D2C853 /* EmojiFrameView.m */,
			);
			path = FacePet;
			sourceTree = "<group>";
		};
		4BB7319917BAA00C009294E0 /* Supporting Files */ = {
			isa = PBXGroup;
			children = (
				4BB7319A17BAA00C009294E0 /* FacePet-Info.plist */,
				4BB7319B17BAA00C009294E0 /* InfoPlist.strings */,
				4BB7319E17BAA00C009294E0 /* main.m */,
				4BB731A017BAA00C009294E0 /* FacePet-Prefix.pch */,
				4BB731A417BAA00C009294E0 /* Default.png */,
				4BB731A617BAA00C009294E0 /* Default@2x.png */,
				4BB731A817BAA00C009294E0 /* Default-568h@2x.png */,
			);
			name = "Supporting Files";
			sourceTree = "<group>";
		};
		4BFF37931827650100D00ADA /* pebble_app */ = {
			isa = PBXGroup;
			children = (
				4BFF382D1827650200D00ADA /* resources */,
				4BFF383E1827650200D00ADA /* src */,
			);
			path = pebble_app;
			sourceTree = SOURCE_ROOT;
		};
		4BFF382D1827650200D00ADA /* resources */ = {
			isa = PBXGroup;
			children = (
				4BFF382E1827650200D00ADA /* src */,
				4BFF383D1827650200D00ADA /* wscript */,
			);
			path = resources;
			sourceTree = "<group>";
		};
		4BFF382E1827650200D00ADA /* src */ = {
			isa = PBXGroup;
			children = (
				4BFF382F1827650200D00ADA /* img */,
				4BFF383C1827650200D00ADA /* resource_map.json */,
			);
			path = src;
			sourceTree = "<group>";
		};
		4BFF382F1827650200D00ADA /* img */ = {
			isa = PBXGroup;
			children = (
				4BAB9D4F182A36DA00D2C853 /* SET0_BORED_0.png */,
				4BAB9D50182A36DA00D2C853 /* SET0_BORED_1.png */,
				4BAB9D51182A36DA00D2C853 /* SET0_HAPPY_0.png */,
				4BAB9D52182A36DA00D2C853 /* SET0_HAPPY_1.png */,
				4BAB9D53182A36DA00D2C853 /* SET0_HUNGRY_0.png */,
				4BAB9D54182A36DA00D2C853 /* SET0_INTRIGUED_0.png */,
				4BAB9D55182A36DA00D2C853 /* SET0_INTRIGUED_1.png */,
				4BAB9D56182A36DA00D2C853 /* SET0_WILDCARD_2.png */,
				4BAB9D57182A36DA00D2C853 /* SET0_WILDCARD_3.png */,
				4BAB9D58182A36DA00D2C853 /* SET0_WORRIED_0.png */,
				4BAB9D59182A36DA00D2C853 /* SET0_WORRIED_1.png */,
				4BAB9D5A182A36DA00D2C853 /* SET1_BORED_0.png */,
				4BAB9D5B182A36DA00D2C853 /* SET1_BORED_1.png */,
				4BAB9D5C182A36DA00D2C853 /* SET1_BORED_2.png */,
				4BAB9D5D182A36DA00D2C853 /* SET1_BORED_3.png */,
				4BAB9D5E182A36DA00D2C853 /* SET1_HAPPY_0.png */,
				4BAB9D5F182A36DA00D2C853 /* SET1_HAPPY_1.png */,
				4BAB9D60182A36DA00D2C853 /* SET1_HAPPY_3.png */,
				4BAB9D61182A36DA00D2C853 /* SET1_HUNGRY_0.png */,
				4BAB9D62182A36DA00D2C853 /* SET1_INTRIGUED_0.png */,
				4BAB9D63182A36DA00D2C853 /* SET1_INTRIGUED_1.png */,
				4BAB9D64182A36DA00D2C853 /* SET1_INTRIGUED_2.png */,
				4BAB9D65182A36DA00D2C853 /* SET1_INTRIGUED_3.png */,
				4BAB9D66182A36DA00D2C853 /* SET1_WORRIED_0.png */,
				4BAB9D67182A36DA00D2C853 /* SET1_WORRIED_1.png */,
				4BAB9D68182A36DA00D2C853 /* SET1_WORRIED_2.png */,
				4BAB9D69182A36DA00D2C853 /* SET1_WORRIED_3.png */,
			);
			path = img;
			sourceTree = "<group>";
		};
		4BFF383E1827650200D00ADA /* src */ = {
			isa = PBXGroup;
			children = (
				4BFF383F1827650200D00ADA /* pebble_app.c */,
			);
			path = src;
			sourceTree = "<group>";
		};
/* End PBXGroup section */

/* Begin PBXNativeTarget section */
		4BB7318E17BAA00C009294E0 /* FacePet */ = {
			isa = PBXNativeTarget;
			buildConfigurationList = 4BB731BE17BAA00C009294E0 /* Build configuration list for PBXNativeTarget "FacePet" */;
			buildPhases = (
				41209E27619C456EAC3468C5 /* Check Pods Manifest.lock */,
				4BB7318B17BAA00C009294E0 /* Sources */,
				4BB7318C17BAA00C009294E0 /* Frameworks */,
				4BB7318D17BAA00C009294E0 /* Resources */,
				59BAFEDA0C104D99AE3321DE /* Copy Pods Resources */,
			);
			buildRules = (
			);
			dependencies = (
			);
			name = FacePet;
			productName = "http-bridge-webview-native";
			productReference = 4BB7318F17BAA00C009294E0 /* FacePet.app */;
			productType = "com.apple.product-type.application";
		};
/* End PBXNativeTarget section */

/* Begin PBXProject section */
		4BB7318717BAA00C009294E0 /* Project object */ = {
			isa = PBXProject;
			attributes = {
				LastUpgradeCheck = 0460;
				ORGANIZATIONNAME = rockfakie;
				TargetAttributes = {
					4BB7318E17BAA00C009294E0 = {
						DevelopmentTeam = 96JGT34257;
						SystemCapabilities = {
							com.apple.BackgroundModes = {
								enabled = 1;
							};
						};
					};
				};
			};
			buildConfigurationList = 4BB7318A17BAA00C009294E0 /* Build configuration list for PBXProject "FacePet" */;
			compatibilityVersion = "Xcode 3.2";
			developmentRegion = English;
			hasScannedForEncodings = 0;
			knownRegions = (
				en,
			);
			mainGroup = 4BB7318617BAA00C009294E0;
			productRefGroup = 4BB7319017BAA00C009294E0 /* Products */;
			projectDirPath = "";
			projectRoot = "";
			targets = (
				4BB7318E17BAA00C009294E0 /* FacePet */,
			);
		};
/* End PBXProject section */

/* Begin PBXResourcesBuildPhase section */
		4BB7318D17BAA00C009294E0 /* Resources */ = {
			isa = PBXResourcesBuildPhase;
			buildActionMask = 2147483647;
			files = (
				4BAB9D71182A36DA00D2C853 /* SET0_WILDCARD_2.png in Resources */,
				4BAB9D6B182A36DA00D2C853 /* SET0_BORED_1.png in Resources */,
				4BA33075181B265E009D124F /* LoginViewController.xib in Resources */,
				4BAB9D2A182980D600D2C853 /* ELEPHANT_cropped@2x.png in Resources */,
				4BAB9D82182A36DA00D2C853 /* SET1_WORRIED_1.png in Resources */,
				4BAB9D84182A36DA00D2C853 /* SET1_WORRIED_3.png in Resources */,
				4BAB9D491829F5C700D2C853 /* pet_frames.json in Resources */,
				4BAB9D7D182A36DA00D2C853 /* SET1_INTRIGUED_0.png in Resources */,
				4BAB9D29182980D600D2C853 /* FOX_cropped@2x.png in Resources */,
				4BAB9D4E182A1B2800D2C853 /* pet_faces.json in Resources */,
				4BAB9D401829BCAA00D2C853 /* pebble_watch.png in Resources */,
				4BAB9D28182980D600D2C853 /* BEAR_cropped@2x.png in Resources */,
				4BAB9D7B182A36DA00D2C853 /* SET1_HAPPY_3.png in Resources */,
				4BAB9D6D182A36DA00D2C853 /* SET0_HAPPY_1.png in Resources */,
				4BB7319D17BAA00C009294E0 /* InfoPlist.strings in Resources */,
				4BB731A517BAA00C009294E0 /* Default.png in Resources */,
				4BAB9D3B182991AD00D2C853 /* PetSelectorViewController.xib in Resources */,
				4BAB9D3618298ED100D2C853 /* choose_your_pet_gradient@2x.png in Resources */,
				4BAB9D2C182989A400D2C853 /* choose_your_pet@2x.png in Resources */,
				4BAB9D72182A36DA00D2C853 /* SET0_WILDCARD_3.png in Resources */,
				4BAB9D6E182A36DA00D2C853 /* SET0_HUNGRY_0.png in Resources */,
				4BAB9D73182A36DA00D2C853 /* SET0_WORRIED_0.png in Resources */,
				4BAB9D81182A36DA00D2C853 /* SET1_WORRIED_0.png in Resources */,
				4BB731A717BAA00C009294E0 /* Default@2x.png in Resources */,
				4BAB9D421829BD7500D2C853 /* profile-picture.png in Resources */,
				4BAB9D77182A36DA00D2C853 /* SET1_BORED_2.png in Resources */,
				4BAB9D471829E1D300D2C853 /* SettingsTableViewCell.xib in Resources */,
				4BB731A917BAA00C009294E0 /* Default-568h@2x.png in Resources */,
				4BAB9D2E182989AD00D2C853 /* choose_your_pet_light@2x.png in Resources */,
				4BAB9D6A182A36DA00D2C853 /* SET0_BORED_0.png in Resources */,
				4BAB9D7A182A36DA00D2C853 /* SET1_HAPPY_1.png in Resources */,
				4BB731C517BAA3B5009294E0 /* MainViewController_iPad.xib in Resources */,
				4BAB9D7F182A36DA00D2C853 /* SET1_INTRIGUED_2.png in Resources */,
				4BAB9D83182A36DA00D2C853 /* SET1_WORRIED_2.png in Resources */,
				4BAB9D7E182A36DA00D2C853 /* SET1_INTRIGUED_1.png in Resources */,
				4BAB9D76182A36DA00D2C853 /* SET1_BORED_1.png in Resources */,
				4BB731C717BAA436009294E0 /* MainViewController_iPhone.xib in Resources */,
				4BAB9D79182A36DA00D2C853 /* SET1_HAPPY_0.png in Resources */,
				4BAB9D75182A36DA00D2C853 /* SET1_BORED_0.png in Resources */,
				4BAB9D6C182A36DA00D2C853 /* SET0_HAPPY_0.png in Resources */,
				4BAB9D74182A36DA00D2C853 /* SET0_WORRIED_1.png in Resources */,
				4BAB9D6F182A36DA00D2C853 /* SET0_INTRIGUED_0.png in Resources */,
				4BAB9D78182A36DA00D2C853 /* SET1_BORED_3.png in Resources */,
				4BAB9D7C182A36DA00D2C853 /* SET1_HUNGRY_0.png in Resources */,
				4BB731CA17BAA8AF009294E0 /* html in Resources */,
				4BAB9D70182A36DA00D2C853 /* SET0_INTRIGUED_1.png in Resources */,
				4BAB9D80182A36DA00D2C853 /* SET1_INTRIGUED_3.png in Resources */,
			);
			runOnlyForDeploymentPostprocessing = 0;
		};
/* End PBXResourcesBuildPhase section */

/* Begin PBXShellScriptBuildPhase section */
		41209E27619C456EAC3468C5 /* Check Pods Manifest.lock */ = {
			isa = PBXShellScriptBuildPhase;
			buildActionMask = 2147483647;
			files = (
			);
			inputPaths = (
			);
			name = "Check Pods Manifest.lock";
			outputPaths = (
			);
			runOnlyForDeploymentPostprocessing = 0;
			shellPath = /bin/sh;
			shellScript = "diff \"${PODS_ROOT}/../Podfile.lock\" \"${PODS_ROOT}/Manifest.lock\" > /dev/null\nif [[ $? != 0 ]] ; then\n    cat << EOM\nerror: The sandbox is not in sync with the Podfile.lock. Run 'pod install' or update your CocoaPods installation.\nEOM\n    exit 1\nfi\n";
			showEnvVarsInLog = 0;
		};
		59BAFEDA0C104D99AE3321DE /* Copy Pods Resources */ = {
			isa = PBXShellScriptBuildPhase;
			buildActionMask = 2147483647;
			files = (
			);
			inputPaths = (
			);
			name = "Copy Pods Resources";
			outputPaths = (
			);
			runOnlyForDeploymentPostprocessing = 0;
			shellPath = /bin/sh;
			shellScript = "\"${SRCROOT}/Pods/Pods-resources.sh\"\n";
			showEnvVarsInLog = 0;
		};
/* End PBXShellScriptBuildPhase section */

/* Begin PBXSourcesBuildPhase section */
		4BB7318B17BAA00C009294E0 /* Sources */ = {
			isa = PBXSourcesBuildPhase;
			buildActionMask = 2147483647;
			files = (
				4BA33074181B265E009D124F /* LoginViewController.m in Sources */,
				4BFF377E182611A900D00ADA /* FBPost.m in Sources */,
				4BAB9D451829E18A00D2C853 /* SettingsTableViewCell.m in Sources */,
				4BFF377B1824068A00D00ADA /* NetworkUtils.m in Sources */,
				4BB7319F17BAA00C009294E0 /* main.m in Sources */,
				4BB731A317BAA00C009294E0 /* AppDelegate.m in Sources */,
				4BFF378118261C8900D00ADA /* FBDiff.m in Sources */,
				4BAB9D3418298B9700D2C853 /* ResourceHelper.m in Sources */,
				4BAB9D391829910500D2C853 /* PetSelectorViewController.m in Sources */,
				4BB731C417BAA3B5009294E0 /* MainViewController.m in Sources */,
				4BA3307E181C3025009D124F /* FBGraphStore.m in Sources */,
				4BAB9D4C1829F80F00D2C853 /* EmojiFrameView.m in Sources */,
				4BAB9D3118298AAA00D2C853 /* AppSettings.m in Sources */,
				4BA3307B181C2FEA009D124F /* FBGraphConnection.m in Sources */,
				4BAB9D3E1829B87B00D2C853 /* SettingsViewController.m in Sources */,
			);
			runOnlyForDeploymentPostprocessing = 0;
		};
/* End PBXSourcesBuildPhase section */

/* Begin PBXVariantGroup section */
		4BB7319B17BAA00C009294E0 /* InfoPlist.strings */ = {
			isa = PBXVariantGroup;
			children = (
				4BB7319C17BAA00C009294E0 /* en */,
			);
			name = InfoPlist.strings;
			sourceTree = "<group>";
		};
/* End PBXVariantGroup section */

/* Begin XCBuildConfiguration section */
		4BB731BC17BAA00C009294E0 /* Debug */ = {
			isa = XCBuildConfiguration;
			buildSettings = {
				ALWAYS_SEARCH_USER_PATHS = NO;
				CLANG_CXX_LANGUAGE_STANDARD = "gnu++0x";
				CLANG_CXX_LIBRARY = "libc++";
				CLANG_ENABLE_OBJC_ARC = YES;
				CLANG_WARN_CONSTANT_CONVERSION = YES;
				CLANG_WARN_EMPTY_BODY = YES;
				CLANG_WARN_ENUM_CONVERSION = YES;
				CLANG_WARN_INT_CONVERSION = YES;
				CLANG_WARN__DUPLICATE_METHOD_MATCH = YES;
				"CODE_SIGN_IDENTITY[sdk=iphoneos*]" = "iPhone Developer";
				COPY_PHASE_STRIP = NO;
				GCC_C_LANGUAGE_STANDARD = gnu99;
				GCC_DYNAMIC_NO_PIC = NO;
				GCC_OPTIMIZATION_LEVEL = 0;
				GCC_PREPROCESSOR_DEFINITIONS = (
					"DEBUG=1",
					"$(inherited)",
				);
				GCC_SYMBOLS_PRIVATE_EXTERN = NO;
				GCC_WARN_ABOUT_RETURN_TYPE = YES;
				GCC_WARN_UNINITIALIZED_AUTOS = YES;
				GCC_WARN_UNUSED_VARIABLE = YES;
				IPHONEOS_DEPLOYMENT_TARGET = 6.1;
				ONLY_ACTIVE_ARCH = YES;
				SDKROOT = iphoneos;
				TARGETED_DEVICE_FAMILY = "1,2";
			};
			name = Debug;
		};
		4BB731BD17BAA00C009294E0 /* Release */ = {
			isa = XCBuildConfiguration;
			buildSettings = {
				ALWAYS_SEARCH_USER_PATHS = NO;
				CLANG_CXX_LANGUAGE_STANDARD = "gnu++0x";
				CLANG_CXX_LIBRARY = "libc++";
				CLANG_ENABLE_OBJC_ARC = YES;
				CLANG_WARN_CONSTANT_CONVERSION = YES;
				CLANG_WARN_EMPTY_BODY = YES;
				CLANG_WARN_ENUM_CONVERSION = YES;
				CLANG_WARN_INT_CONVERSION = YES;
				CLANG_WARN__DUPLICATE_METHOD_MATCH = YES;
				"CODE_SIGN_IDENTITY[sdk=iphoneos*]" = "iPhone Developer";
				COPY_PHASE_STRIP = YES;
				GCC_C_LANGUAGE_STANDARD = gnu99;
				GCC_WARN_ABOUT_RETURN_TYPE = YES;
				GCC_WARN_UNINITIALIZED_AUTOS = YES;
				GCC_WARN_UNUSED_VARIABLE = YES;
				IPHONEOS_DEPLOYMENT_TARGET = 6.1;
				OTHER_CFLAGS = "-DNS_BLOCK_ASSERTIONS=1";
				SDKROOT = iphoneos;
				TARGETED_DEVICE_FAMILY = "1,2";
				VALIDATE_PRODUCT = YES;
			};
			name = Release;
		};
		4BB731BF17BAA00C009294E0 /* Debug */ = {
			isa = XCBuildConfiguration;
			baseConfigurationReference = 813496D5B8AE4587AE0DC804 /* Pods.xcconfig */;
			buildSettings = {
				CODE_SIGN_IDENTITY = "iPhone Developer";
				"CODE_SIGN_IDENTITY[sdk=iphoneos*]" = "iPhone Developer";
				FRAMEWORK_SEARCH_PATHS = (
					"$(inherited)",
					/Users/rockfakie/Code/FacePet,
				);
				GCC_PRECOMPILE_PREFIX_HEADER = YES;
				GCC_PREFIX_HEADER = "FacePet/FacePet-Prefix.pch";
				INFOPLIST_FILE = "FacePet/FacePet-Info.plist";
				IPHONEOS_DEPLOYMENT_TARGET = 6.0;
				PRODUCT_NAME = FacePet;
				PROVISIONING_PROFILE = "";
				WRAPPER_EXTENSION = app;
			};
			name = Debug;
		};
		4BB731C017BAA00C009294E0 /* Release */ = {
			isa = XCBuildConfiguration;
			baseConfigurationReference = 813496D5B8AE4587AE0DC804 /* Pods.xcconfig */;
			buildSettings = {
				CODE_SIGN_IDENTITY = "iPhone Developer";
				"CODE_SIGN_IDENTITY[sdk=iphoneos*]" = "iPhone Developer";
				FRAMEWORK_SEARCH_PATHS = (
					"$(inherited)",
					/Users/rockfakie/Code/FacePet,
				);
				GCC_PRECOMPILE_PREFIX_HEADER = YES;
				GCC_PREFIX_HEADER = "FacePet/FacePet-Prefix.pch";
				INFOPLIST_FILE = "FacePet/FacePet-Info.plist";
				IPHONEOS_DEPLOYMENT_TARGET = 6.0;
				PRODUCT_NAME = FacePet;
				PROVISIONING_PROFILE = "";
				WRAPPER_EXTENSION = app;
			};
			name = Release;
		};
/* End XCBuildConfiguration section */

/* Begin XCConfigurationList section */
		4BB7318A17BAA00C009294E0 /* Build configuration list for PBXProject "FacePet" */ = {
			isa = XCConfigurationList;
			buildConfigurations = (
				4BB731BC17BAA00C009294E0 /* Debug */,
				4BB731BD17BAA00C009294E0 /* Release */,
			);
			defaultConfigurationIsVisible = 0;
			defaultConfigurationName = Release;
		};
		4BB731BE17BAA00C009294E0 /* Build configuration list for PBXNativeTarget "FacePet" */ = {
			isa = XCConfigurationList;
			buildConfigurations = (
				4BB731BF17BAA00C009294E0 /* Debug */,
				4BB731C017BAA00C009294E0 /* Release */,
			);
			defaultConfigurationIsVisible = 0;
			defaultConfigurationName = Release;
		};
/* End XCConfigurationList section */
	};
	rootObject = 4BB7318717BAA00C009294E0 /* Project object */;
}
